
Microsoft Visual Studio Solution File, Format Version 12.00
# Visual Studio Version 16
VisualStudioVersion = 16.0.30907.101
MinimumVisualStudioVersion = 10.0.40219.1
Project("{FAE04EC0-301F-11D3-BF4B-00C04F79EFBC}") = "BookStoreUI", "BookStore\BookStoreUI.csproj", "{3C14466A-F749-4F28-96ED-E5D40A9F3ADE}"
EndProject
Project("{FAE04EC0-301F-11D3-BF4B-00C04F79EFBC}") = "Domain", "Domain\Domain.csproj", "{A1F3E837-69B0-48D2-A17D-772F5A7E6D31}"
EndProject
Project("{FAE04EC0-301F-11D3-BF4B-00C04F79EFBC}") = "Application", "Application\Application.csproj", "{1A3D950A-EC92-4303-8BDA-CBB53B871718}"
EndProject
Project("{FAE04EC0-301F-11D3-BF4B-00C04F79EFBC}") = "Infrastructure", "Infrastructure\Infrastructure.csproj", "{D639B65A-12B2-4EE3-8840-ABDEF442D1D8}"
EndProject
Global
	GlobalSection(SolutionConfigurationPlatforms) = preSolution
		Debug|Any CPU = Debug|Any CPU
		Release|Any CPU = Release|Any CPU
	EndGlobalSection
	GlobalSection(ProjectConfigurationPlatforms) = postSolution
		{3C14466A-F749-4F28-96ED-E5D40A9F3ADE}.Debug|Any CPU.ActiveCfg = Debug|Any CPU
		{3C14466A-F749-4F28-96ED-E5D40A9F3ADE}.Debug|Any CPU.Build.0 = Debug|Any CPU
		{3C14466A-F749-4F28-96ED-E5D40A9F3ADE}.Release|Any CPU.ActiveCfg = Release|Any CPU
		{3C14466A-F749-4F28-96ED-E5D40A9F3ADE}.Release|Any CPU.Build.0 = Release|Any CPU
		{A1F3E837-69B0-48D2-A17D-772F5A7E6D31}.Debug|Any CPU.ActiveCfg = Debug|Any CPU
		{A1F3E837-69B0-48D2-A17D-772F5A7E6D31}.Debug|Any CPU.Build.0 = Debug|Any CPU
		{A1F3E837-69B0-48D2-A17D-772F5A7E6D31}.Release|Any CPU.ActiveCfg = Release|Any CPU
		{A1F3E837-69B0-48D2-A17D-772F5A7E6D31}.Release|Any CPU.Build.0 = Release|Any CPU
		{1A3D950A-EC92-4303-8BDA-CBB53B871718}.Debug|Any CPU.ActiveCfg = Debug|Any CPU
		{1A3D950A-EC92-4303-8BDA-CBB53B871718}.Debug|Any CPU.Build.0 = Debug|Any CPU
		{1A3D950A-EC92-4303-8BDA-CBB53B871718}.Release|Any CPU.ActiveCfg = Release|Any CPU
		{1A3D950A-EC92-4303-8BDA-CBB53B871718}.Release|Any CPU.Build.0 = Release|Any CPU
		{D639B65A-12B2-4EE3-8840-ABDEF442D1D8}.Debug|Any CPU.ActiveCfg = Debug|Any CPU
		{D639B65A-12B2-4EE3-8840-ABDEF442D1D8}.Debug|Any CPU.Build.0 = Debug|Any CPU
		{D639B65A-12B2-4EE3-8840-ABDEF442D1D8}.Release|Any CPU.ActiveCfg = Release|Any CPU
		{D639B65A-12B2-4EE3-8840-ABDEF442D1D8}.Release|Any CPU.Build.0 = Release|Any CPU
	EndGlobalSection
	GlobalSection(SolutionProperties) = preSolution
		HideSolutionNode = FALSE
	EndGlobalSection
	GlobalSection(ExtensibilityGlobals) = postSolution
		SolutionGuid = {2ACC6194-50C9-4F18-8090-5E7E66FCB8CA}
	EndGlobalSection
EndGlobal
